
Microsoft Visual Studio Solution File, Format Version 11.00
# Visual Studio 2010
Project("{F184B08F-C81C-45F6-A57F-5ABD9991F28F}") = "Web Browser", "Web Browser.vbproj", "{64D5E768-F3E4-4594-B3D5-243B26D8D0FB}"
EndProject
Global
	GlobalSection(SolutionConfigurationPlatforms) = preSolution
		Debug|x86 = Debug|x86
		Release|x86 = Release|x86
	EndGlobalSection
	GlobalSection(ProjectConfigurationPlatforms) = postSolution
		{64D5E768-F3E4-4594-B3D5-243B26D8D0FB}.Debug|x86.ActiveCfg = Debug|x86
		{64D5E768-F3E4-4594-B3D5-243B26D8D0FB}.Debug|x86.Build.0 = Debug|x86
		{64D5E768-F3E4-4594-B3D5-243B26D8D0FB}.Release|x86.ActiveCfg = Release|x86
		{64D5E768-F3E4-4594-B3D5-243B26D8D0FB}.Release|x86.Build.0 = Release|x86
	EndGlobalSection
	GlobalSection(SolutionProperties) = preSolution
		HideSolutionNode = FALSE
	EndGlobalSection
EndGlobal
